
Microsoft Visual Studio Solution File, Format Version 12.00
# Visual Studio Version 16
VisualStudioVersion = 16.0.30907.101
MinimumVisualStudioVersion = 10.0.40219.1
Project("{9A19103F-16F7-4668-BE54-9A1E7A4F7556}") = "GitHubHelper", "GitHubHelper\GitHubHelper.csproj", "{146ED514-E3EF-4E97-AB70-9EB694C09DA5}"
EndProject
Project("{FAE04EC0-301F-11D3-BF4B-00C04F79EFBC}") = "GitHubHelper.Test", "GitHubHelper.Test\GitHubHelper.Test.csproj", "{3475510E-C4D9-4BF5-842C-0CF4F21B5013}"
EndProject
Global
	GlobalSection(SolutionConfigurationPlatforms) = preSolution
		Debug|Any CPU = Debug|Any CPU
		Release|Any CPU = Release|Any CPU
	EndGlobalSection
	GlobalSection(ProjectConfigurationPlatforms) = postSolution
		{146ED514-E3EF-4E97-AB70-9EB694C09DA5}.Debug|Any CPU.ActiveCfg = Debug|Any CPU
		{146ED514-E3EF-4E97-AB70-9EB694C09DA5}.Debug|Any CPU.Build.0 = Debug|Any CPU
		{146ED514-E3EF-4E97-AB70-9EB694C09DA5}.Release|Any CPU.ActiveCfg = Release|Any CPU
		{146ED514-E3EF-4E97-AB70-9EB694C09DA5}.Release|Any CPU.Build.0 = Release|Any CPU
		{3475510E-C4D9-4BF5-842C-0CF4F21B5013}.Debug|Any CPU.ActiveCfg = Debug|Any CPU
		{3475510E-C4D9-4BF5-842C-0CF4F21B5013}.Debug|Any CPU.Build.0 = Debug|Any CPU
		{3475510E-C4D9-4BF5-842C-0CF4F21B5013}.Release|Any CPU.ActiveCfg = Release|Any CPU
		{3475510E-C4D9-4BF5-842C-0CF4F21B5013}.Release|Any CPU.Build.0 = Release|Any CPU
	EndGlobalSection
	GlobalSection(SolutionProperties) = preSolution
		HideSolutionNode = FALSE
	EndGlobalSection
	GlobalSection(ExtensibilityGlobals) = postSolution
		SolutionGuid = {1ACA3024-DB01-4F26-86F6-47B42C71A3E3}
	EndGlobalSection
EndGlobal
